
Microsoft Visual Studio Solution File, Format Version 12.00
Project("{2150E333-8FDC-42A3-9474-1A3956D46DE8}") = "src", "src", "{63A3ACC5-63C1-4685-B742-0070D8745EFB}"
EndProject
Project("{FAE04EC0-301F-11D3-BF4B-00C04F79EFBC}") = "PasswordKeeper.WebApi", "src\PasswordKeeper.WebApi\PasswordKeeper.WebApi.csproj", "{ADD74A22-5CF3-45AD-996F-D37025CFBF7A}"
EndProject
Project("{FAE04EC0-301F-11D3-BF4B-00C04F79EFBC}") = "PasswordKeeper.Application", "src\PasswordKeeper.Application\PasswordKeeper.Application.csproj", "{1ABE6642-8790-4264-BE94-FB293C66E367}"
EndProject
Project("{FAE04EC0-301F-11D3-BF4B-00C04F79EFBC}") = "PasswordKeeper.Domain", "src\PasswordKeeper.Domain\PasswordKeeper.Domain.csproj", "{4298E02E-5FCB-4436-BE38-7F2283A10FC0}"
EndProject
Project("{FAE04EC0-301F-11D3-BF4B-00C04F79EFBC}") = "PasswordKeeper.Infrastructure", "src\PasswordKeeper.Infrastructure\PasswordKeeper.Infrastructure.csproj", "{1B96B41D-74B3-468F-8EE4-6565E6EFB7A9}"
EndProject
Global
	GlobalSection(SolutionConfigurationPlatforms) = preSolution
		Debug|Any CPU = Debug|Any CPU
		Release|Any CPU = Release|Any CPU
	EndGlobalSection
	GlobalSection(NestedProjects) = preSolution
		{ADD74A22-5CF3-45AD-996F-D37025CFBF7A} = {63A3ACC5-63C1-4685-B742-0070D8745EFB}
		{1ABE6642-8790-4264-BE94-FB293C66E367} = {63A3ACC5-63C1-4685-B742-0070D8745EFB}
		{4298E02E-5FCB-4436-BE38-7F2283A10FC0} = {63A3ACC5-63C1-4685-B742-0070D8745EFB}
		{1B96B41D-74B3-468F-8EE4-6565E6EFB7A9} = {63A3ACC5-63C1-4685-B742-0070D8745EFB}
	EndGlobalSection
	GlobalSection(ProjectConfigurationPlatforms) = postSolution
		{ADD74A22-5CF3-45AD-996F-D37025CFBF7A}.Debug|Any CPU.ActiveCfg = Debug|Any CPU
		{ADD74A22-5CF3-45AD-996F-D37025CFBF7A}.Debug|Any CPU.Build.0 = Debug|Any CPU
		{ADD74A22-5CF3-45AD-996F-D37025CFBF7A}.Release|Any CPU.ActiveCfg = Release|Any CPU
		{ADD74A22-5CF3-45AD-996F-D37025CFBF7A}.Release|Any CPU.Build.0 = Release|Any CPU
		{1ABE6642-8790-4264-BE94-FB293C66E367}.Debug|Any CPU.ActiveCfg = Debug|Any CPU
		{1ABE6642-8790-4264-BE94-FB293C66E367}.Debug|Any CPU.Build.0 = Debug|Any CPU
		{1ABE6642-8790-4264-BE94-FB293C66E367}.Release|Any CPU.ActiveCfg = Release|Any CPU
		{1ABE6642-8790-4264-BE94-FB293C66E367}.Release|Any CPU.Build.0 = Release|Any CPU
		{4298E02E-5FCB-4436-BE38-7F2283A10FC0}.Debug|Any CPU.ActiveCfg = Debug|Any CPU
		{4298E02E-5FCB-4436-BE38-7F2283A10FC0}.Debug|Any CPU.Build.0 = Debug|Any CPU
		{4298E02E-5FCB-4436-BE38-7F2283A10FC0}.Release|Any CPU.ActiveCfg = Release|Any CPU
		{4298E02E-5FCB-4436-BE38-7F2283A10FC0}.Release|Any CPU.Build.0 = Release|Any CPU
		{1B96B41D-74B3-468F-8EE4-6565E6EFB7A9}.Debug|Any CPU.ActiveCfg = Debug|Any CPU
		{1B96B41D-74B3-468F-8EE4-6565E6EFB7A9}.Debug|Any CPU.Build.0 = Debug|Any CPU
		{1B96B41D-74B3-468F-8EE4-6565E6EFB7A9}.Release|Any CPU.ActiveCfg = Release|Any CPU
		{1B96B41D-74B3-468F-8EE4-6565E6EFB7A9}.Release|Any CPU.Build.0 = Release|Any CPU
	EndGlobalSection
EndGlobal
